
Microsoft Visual Studio Solution File, Format Version 12.00
# Visual Studio 15
VisualStudioVersion = 15.0.26124.0
MinimumVisualStudioVersion = 15.0.26124.0
Project("{2150E333-8FDC-42A3-9474-1A3956D46DE8}") = "src", "src", "{D9B1600D-4401-4B82-8C22-7E0E0EDFAA38}"
EndProject
Project("{FAE04EC0-301F-11D3-BF4B-00C04F79EFBC}") = "GradeBook", "src\GradeBook\GradeBook.csproj", "{5901BE9C-423B-4784-A52F-9E2C4499734C}"
EndProject
Project("{2150E333-8FDC-42A3-9474-1A3956D46DE8}") = "test", "test", "{508E64BE-C639-4E9A-A59C-1088D22AC3C1}"
EndProject
Project("{FAE04EC0-301F-11D3-BF4B-00C04F79EFBC}") = "GradeBook.Tests", "test\GradeBook.Tests\GradeBook.Tests.csproj", "{2B5F56A6-9B64-4009-B27C-1208A36D4E15}"
EndProject
Global
	GlobalSection(SolutionConfigurationPlatforms) = preSolution
		Debug|Any CPU = Debug|Any CPU
		Debug|x64 = Debug|x64
		Debug|x86 = Debug|x86
		Release|Any CPU = Release|Any CPU
		Release|x64 = Release|x64
		Release|x86 = Release|x86
	EndGlobalSection
	GlobalSection(SolutionProperties) = preSolution
		HideSolutionNode = FALSE
	EndGlobalSection
	GlobalSection(ProjectConfigurationPlatforms) = postSolution
		{5901BE9C-423B-4784-A52F-9E2C4499734C}.Debug|Any CPU.ActiveCfg = Debug|Any CPU
		{5901BE9C-423B-4784-A52F-9E2C4499734C}.Debug|Any CPU.Build.0 = Debug|Any CPU
		{5901BE9C-423B-4784-A52F-9E2C4499734C}.Debug|x64.ActiveCfg = Debug|Any CPU
		{5901BE9C-423B-4784-A52F-9E2C4499734C}.Debug|x64.Build.0 = Debug|Any CPU
		{5901BE9C-423B-4784-A52F-9E2C4499734C}.Debug|x86.ActiveCfg = Debug|Any CPU
		{5901BE9C-423B-4784-A52F-9E2C4499734C}.Debug|x86.Build.0 = Debug|Any CPU
		{5901BE9C-423B-4784-A52F-9E2C4499734C}.Release|Any CPU.ActiveCfg = Release|Any CPU
		{5901BE9C-423B-4784-A52F-9E2C4499734C}.Release|Any CPU.Build.0 = Release|Any CPU
		{5901BE9C-423B-4784-A52F-9E2C4499734C}.Release|x64.ActiveCfg = Release|Any CPU
		{5901BE9C-423B-4784-A52F-9E2C4499734C}.Release|x64.Build.0 = Release|Any CPU
		{5901BE9C-423B-4784-A52F-9E2C4499734C}.Release|x86.ActiveCfg = Release|Any CPU
		{5901BE9C-423B-4784-A52F-9E2C4499734C}.Release|x86.Build.0 = Release|Any CPU
		{2B5F56A6-9B64-4009-B27C-1208A36D4E15}.Debug|Any CPU.ActiveCfg = Debug|Any CPU
		{2B5F56A6-9B64-4009-B27C-1208A36D4E15}.Debug|Any CPU.Build.0 = Debug|Any CPU
		{2B5F56A6-9B64-4009-B27C-1208A36D4E15}.Debug|x64.ActiveCfg = Debug|Any CPU
		{2B5F56A6-9B64-4009-B27C-1208A36D4E15}.Debug|x64.Build.0 = Debug|Any CPU
		{2B5F56A6-9B64-4009-B27C-1208A36D4E15}.Debug|x86.ActiveCfg = Debug|Any CPU
		{2B5F56A6-9B64-4009-B27C-1208A36D4E15}.Debug|x86.Build.0 = Debug|Any CPU
		{2B5F56A6-9B64-4009-B27C-1208A36D4E15}.Release|Any CPU.ActiveCfg = Release|Any CPU
		{2B5F56A6-9B64-4009-B27C-1208A36D4E15}.Release|Any CPU.Build.0 = Release|Any CPU
		{2B5F56A6-9B64-4009-B27C-1208A36D4E15}.Release|x64.ActiveCfg = Release|Any CPU
		{2B5F56A6-9B64-4009-B27C-1208A36D4E15}.Release|x64.Build.0 = Release|Any CPU
		{2B5F56A6-9B64-4009-B27C-1208A36D4E15}.Release|x86.ActiveCfg = Release|Any CPU
		{2B5F56A6-9B64-4009-B27C-1208A36D4E15}.Release|x86.Build.0 = Release|Any CPU
	EndGlobalSection
	GlobalSection(NestedProjects) = preSolution
		{5901BE9C-423B-4784-A52F-9E2C4499734C} = {D9B1600D-4401-4B82-8C22-7E0E0EDFAA38}
		{2B5F56A6-9B64-4009-B27C-1208A36D4E15} = {508E64BE-C639-4E9A-A59C-1088D22AC3C1}
	EndGlobalSection
EndGlobal
